
Microsoft Visual Studio Solution File, Format Version 12.00
Project("{FAE04EC0-301F-11D3-BF4B-00C04F79EFBC}") = "Backend", "Backend\Backend.csproj", "{0ED975EC-593A-4D96-AA57-13F4BCEFDEEB}"
EndProject
Project("{FAE04EC0-301F-11D3-BF4B-00C04F79EFBC}") = "MisBackend", "MisBackend\MisBackend.csproj", "{1049E7E0-8F52-4655-9735-53C8AA2C1A2F}"
EndProject
Global
	GlobalSection(SolutionConfigurationPlatforms) = preSolution
		Debug|Any CPU = Debug|Any CPU
		Release|Any CPU = Release|Any CPU
	EndGlobalSection
	GlobalSection(ProjectConfigurationPlatforms) = postSolution
		{0ED975EC-593A-4D96-AA57-13F4BCEFDEEB}.Debug|Any CPU.ActiveCfg = Debug|Any CPU
		{0ED975EC-593A-4D96-AA57-13F4BCEFDEEB}.Debug|Any CPU.Build.0 = Debug|Any CPU
		{0ED975EC-593A-4D96-AA57-13F4BCEFDEEB}.Release|Any CPU.ActiveCfg = Release|Any CPU
		{0ED975EC-593A-4D96-AA57-13F4BCEFDEEB}.Release|Any CPU.Build.0 = Release|Any CPU
		{1049E7E0-8F52-4655-9735-53C8AA2C1A2F}.Debug|Any CPU.ActiveCfg = Debug|Any CPU
		{1049E7E0-8F52-4655-9735-53C8AA2C1A2F}.Debug|Any CPU.Build.0 = Debug|Any CPU
		{1049E7E0-8F52-4655-9735-53C8AA2C1A2F}.Release|Any CPU.ActiveCfg = Release|Any CPU
		{1049E7E0-8F52-4655-9735-53C8AA2C1A2F}.Release|Any CPU.Build.0 = Release|Any CPU
	EndGlobalSection
EndGlobal
